
Microsoft Visual Studio Solution File, Format Version 12.00
# Visual Studio Version 16
VisualStudioVersion = 16.0.31911.196
MinimumVisualStudioVersion = 10.0.40219.1
Project("{FAE04EC0-301F-11D3-BF4B-00C04F79EFBC}") = "dotnetcore_angular_project", "dotnetcore_angular_project\dotnetcore_angular_project.csproj", "{40BAC53B-F594-41D8-BC04-A9E4B416A707}"
EndProject
Global
	GlobalSection(SolutionConfigurationPlatforms) = preSolution
		Debug|Any CPU = Debug|Any CPU
		Release|Any CPU = Release|Any CPU
	EndGlobalSection
	GlobalSection(ProjectConfigurationPlatforms) = postSolution
		{40BAC53B-F594-41D8-BC04-A9E4B416A707}.Debug|Any CPU.ActiveCfg = Debug|Any CPU
		{40BAC53B-F594-41D8-BC04-A9E4B416A707}.Debug|Any CPU.Build.0 = Debug|Any CPU
		{40BAC53B-F594-41D8-BC04-A9E4B416A707}.Release|Any CPU.ActiveCfg = Release|Any CPU
		{40BAC53B-F594-41D8-BC04-A9E4B416A707}.Release|Any CPU.Build.0 = Release|Any CPU
	EndGlobalSection
	GlobalSection(SolutionProperties) = preSolution
		HideSolutionNode = FALSE
	EndGlobalSection
	GlobalSection(ExtensibilityGlobals) = postSolution
		SolutionGuid = {04ACA7A8-13FB-41D1-97A7-1594B3E6BBC6}
	EndGlobalSection
EndGlobal
